
Microsoft Visual Studio Solution File, Format Version 12.00
# Visual Studio Version 16
VisualStudioVersion = 16.0.30204.135
MinimumVisualStudioVersion = 10.0.40219.1
Project("{2150E333-8FDC-42A3-9474-1A3956D46DE8}") = "src", "src", "{951FAE99-F430-4ACA-9FD0-83F13C4195FA}"
EndProject
Project("{9A19103F-16F7-4668-BE54-9A1E7A4F7556}") = "Catalog.API", "src\Catalog\Catalog.API\Catalog.API.csproj", "{7C998E9D-FB3D-4160-B177-7EDDA3819FBF}"
EndProject
Project("{2150E333-8FDC-42A3-9474-1A3956D46DE8}") = "Catalog", "Catalog", "{94FE7D0B-15BC-467E-9CD9-11281556F5FB}"
EndProject
Project("{E53339B2-1760-4266-BCC7-CA923CBCF16C}") = "docker-compose", "docker-compose.dcproj", "{E3130680-2CC4-4EB1-B5E0-201EA11E4BB4}"
EndProject
Project("{2150E333-8FDC-42A3-9474-1A3956D46DE8}") = "Basket", "Basket", "{2E2EB99F-CFDB-41AF-B3EC-9313F5128BFB}"
EndProject
Project("{9A19103F-16F7-4668-BE54-9A1E7A4F7556}") = "Basket.API", "src\Basket\Basket.API\Basket.API.csproj", "{99550451-F382-424A-8A22-EF29C40BEEB0}"
EndProject
Project("{2150E333-8FDC-42A3-9474-1A3956D46DE8}") = "Common", "Common", "{14CFAE7F-1E78-45B5-9602-307775DF9D4E}"
EndProject
Project("{9A19103F-16F7-4668-BE54-9A1E7A4F7556}") = "EventBusRabbitMQ", "src\Common\EventBusRabbitMQ\EventBusRabbitMQ.csproj", "{B6C11104-4768-4CE8-B32A-17F05399BEEE}"
EndProject
Project("{2150E333-8FDC-42A3-9474-1A3956D46DE8}") = "Ordering", "Ordering", "{4EDEB8FF-4E27-4EAF-AF89-A141F855D405}"
EndProject
Project("{9A19103F-16F7-4668-BE54-9A1E7A4F7556}") = "Ordering.API", "src\Ordering\Ordering.API\Ordering.API.csproj", "{DF04C4CB-345F-45DC-9444-EBDF21714284}"
EndProject
Project("{9A19103F-16F7-4668-BE54-9A1E7A4F7556}") = "Ordering.Application", "src\Ordering\Ordering.Application\Ordering.Application.csproj", "{A2BB1E4B-4B24-487F-97FC-2D725FC2DA59}"
EndProject
Project("{9A19103F-16F7-4668-BE54-9A1E7A4F7556}") = "Ordering.Core", "src\Ordering\Ordering.Core\Ordering.Core.csproj", "{AC452BF0-6957-4FC1-B4D8-AB2E4F554CA6}"
EndProject
Project("{9A19103F-16F7-4668-BE54-9A1E7A4F7556}") = "Ordering.Infrastructure", "src\Ordering\Ordering.Infrastructure\Ordering.Infrastructure.csproj", "{37850979-3B20-4AA7-A77E-CA84498C5AA4}"
EndProject
Project("{2150E333-8FDC-42A3-9474-1A3956D46DE8}") = "ApiGateway", "ApiGateway", "{D9A1655A-9ADF-43B1-8311-61E49F354A29}"
EndProject
Project("{9A19103F-16F7-4668-BE54-9A1E7A4F7556}") = "OcelotAPIGateway", "src\ApiGateway\OcelotAPIGateway\OcelotAPIGateway.csproj", "{D86787E7-1E89-41A6-A50D-201790751C6D}"
EndProject
Project("{2150E333-8FDC-42A3-9474-1A3956D46DE8}") = "WebApp", "WebApp", "{182FAFCF-14F2-489E-A0C6-C0732AA3622E}"
EndProject
Project("{9A19103F-16F7-4668-BE54-9A1E7A4F7556}") = "AspnetRunBasics", "src\WebApp\AspnetRunBasics\AspnetRunBasics.csproj", "{A3234E88-1491-4A5A-A1FE-12FC41DA7CB0}"
EndProject
Global
	GlobalSection(SolutionConfigurationPlatforms) = preSolution
		Debug|Any CPU = Debug|Any CPU
		Release|Any CPU = Release|Any CPU
	EndGlobalSection
	GlobalSection(ProjectConfigurationPlatforms) = postSolution
		{7C998E9D-FB3D-4160-B177-7EDDA3819FBF}.Debug|Any CPU.ActiveCfg = Debug|Any CPU
		{7C998E9D-FB3D-4160-B177-7EDDA3819FBF}.Debug|Any CPU.Build.0 = Debug|Any CPU
		{7C998E9D-FB3D-4160-B177-7EDDA3819FBF}.Release|Any CPU.ActiveCfg = Release|Any CPU
		{7C998E9D-FB3D-4160-B177-7EDDA3819FBF}.Release|Any CPU.Build.0 = Release|Any CPU
		{E3130680-2CC4-4EB1-B5E0-201EA11E4BB4}.Debug|Any CPU.ActiveCfg = Debug|Any CPU
		{E3130680-2CC4-4EB1-B5E0-201EA11E4BB4}.Debug|Any CPU.Build.0 = Debug|Any CPU
		{E3130680-2CC4-4EB1-B5E0-201EA11E4BB4}.Release|Any CPU.ActiveCfg = Release|Any CPU
		{E3130680-2CC4-4EB1-B5E0-201EA11E4BB4}.Release|Any CPU.Build.0 = Release|Any CPU
		{99550451-F382-424A-8A22-EF29C40BEEB0}.Debug|Any CPU.ActiveCfg = Debug|Any CPU
		{99550451-F382-424A-8A22-EF29C40BEEB0}.Debug|Any CPU.Build.0 = Debug|Any CPU
		{99550451-F382-424A-8A22-EF29C40BEEB0}.Release|Any CPU.ActiveCfg = Release|Any CPU
		{99550451-F382-424A-8A22-EF29C40BEEB0}.Release|Any CPU.Build.0 = Release|Any CPU
		{B6C11104-4768-4CE8-B32A-17F05399BEEE}.Debug|Any CPU.ActiveCfg = Debug|Any CPU
		{B6C11104-4768-4CE8-B32A-17F05399BEEE}.Debug|Any CPU.Build.0 = Debug|Any CPU
		{B6C11104-4768-4CE8-B32A-17F05399BEEE}.Release|Any CPU.ActiveCfg = Release|Any CPU
		{B6C11104-4768-4CE8-B32A-17F05399BEEE}.Release|Any CPU.Build.0 = Release|Any CPU
		{DF04C4CB-345F-45DC-9444-EBDF21714284}.Debug|Any CPU.ActiveCfg = Debug|Any CPU
		{DF04C4CB-345F-45DC-9444-EBDF21714284}.Debug|Any CPU.Build.0 = Debug|Any CPU
		{DF04C4CB-345F-45DC-9444-EBDF21714284}.Release|Any CPU.ActiveCfg = Release|Any CPU
		{DF04C4CB-345F-45DC-9444-EBDF21714284}.Release|Any CPU.Build.0 = Release|Any CPU
		{A2BB1E4B-4B24-487F-97FC-2D725FC2DA59}.Debug|Any CPU.ActiveCfg = Debug|Any CPU
		{A2BB1E4B-4B24-487F-97FC-2D725FC2DA59}.Debug|Any CPU.Build.0 = Debug|Any CPU
		{A2BB1E4B-4B24-487F-97FC-2D725FC2DA59}.Release|Any CPU.ActiveCfg = Release|Any CPU
		{A2BB1E4B-4B24-487F-97FC-2D725FC2DA59}.Release|Any CPU.Build.0 = Release|Any CPU
		{AC452BF0-6957-4FC1-B4D8-AB2E4F554CA6}.Debug|Any CPU.ActiveCfg = Debug|Any CPU
		{AC452BF0-6957-4FC1-B4D8-AB2E4F554CA6}.Debug|Any CPU.Build.0 = Debug|Any CPU
		{AC452BF0-6957-4FC1-B4D8-AB2E4F554CA6}.Release|Any CPU.ActiveCfg = Release|Any CPU
		{AC452BF0-6957-4FC1-B4D8-AB2E4F554CA6}.Release|Any CPU.Build.0 = Release|Any CPU
		{37850979-3B20-4AA7-A77E-CA84498C5AA4}.Debug|Any CPU.ActiveCfg = Debug|Any CPU
		{37850979-3B20-4AA7-A77E-CA84498C5AA4}.Debug|Any CPU.Build.0 = Debug|Any CPU
		{37850979-3B20-4AA7-A77E-CA84498C5AA4}.Release|Any CPU.ActiveCfg = Release|Any CPU
		{37850979-3B20-4AA7-A77E-CA84498C5AA4}.Release|Any CPU.Build.0 = Release|Any CPU
		{D86787E7-1E89-41A6-A50D-201790751C6D}.Debug|Any CPU.ActiveCfg = Debug|Any CPU
		{D86787E7-1E89-41A6-A50D-201790751C6D}.Debug|Any CPU.Build.0 = Debug|Any CPU
		{D86787E7-1E89-41A6-A50D-201790751C6D}.Release|Any CPU.ActiveCfg = Release|Any CPU
		{D86787E7-1E89-41A6-A50D-201790751C6D}.Release|Any CPU.Build.0 = Release|Any CPU
		{A3234E88-1491-4A5A-A1FE-12FC41DA7CB0}.Debug|Any CPU.ActiveCfg = Debug|Any CPU
		{A3234E88-1491-4A5A-A1FE-12FC41DA7CB0}.Debug|Any CPU.Build.0 = Debug|Any CPU
		{A3234E88-1491-4A5A-A1FE-12FC41DA7CB0}.Release|Any CPU.ActiveCfg = Release|Any CPU
		{A3234E88-1491-4A5A-A1FE-12FC41DA7CB0}.Release|Any CPU.Build.0 = Release|Any CPU
	EndGlobalSection
	GlobalSection(SolutionProperties) = preSolution
		HideSolutionNode = FALSE
	EndGlobalSection
	GlobalSection(NestedProjects) = preSolution
		{7C998E9D-FB3D-4160-B177-7EDDA3819FBF} = {94FE7D0B-15BC-467E-9CD9-11281556F5FB}
		{94FE7D0B-15BC-467E-9CD9-11281556F5FB} = {951FAE99-F430-4ACA-9FD0-83F13C4195FA}
		{2E2EB99F-CFDB-41AF-B3EC-9313F5128BFB} = {951FAE99-F430-4ACA-9FD0-83F13C4195FA}
		{99550451-F382-424A-8A22-EF29C40BEEB0} = {2E2EB99F-CFDB-41AF-B3EC-9313F5128BFB}
		{14CFAE7F-1E78-45B5-9602-307775DF9D4E} = {951FAE99-F430-4ACA-9FD0-83F13C4195FA}
		{B6C11104-4768-4CE8-B32A-17F05399BEEE} = {14CFAE7F-1E78-45B5-9602-307775DF9D4E}
		{4EDEB8FF-4E27-4EAF-AF89-A141F855D405} = {951FAE99-F430-4ACA-9FD0-83F13C4195FA}
		{DF04C4CB-345F-45DC-9444-EBDF21714284} = {4EDEB8FF-4E27-4EAF-AF89-A141F855D405}
		{A2BB1E4B-4B24-487F-97FC-2D725FC2DA59} = {4EDEB8FF-4E27-4EAF-AF89-A141F855D405}
		{AC452BF0-6957-4FC1-B4D8-AB2E4F554CA6} = {4EDEB8FF-4E27-4EAF-AF89-A141F855D405}
		{37850979-3B20-4AA7-A77E-CA84498C5AA4} = {4EDEB8FF-4E27-4EAF-AF89-A141F855D405}
		{D9A1655A-9ADF-43B1-8311-61E49F354A29} = {951FAE99-F430-4ACA-9FD0-83F13C4195FA}
		{D86787E7-1E89-41A6-A50D-201790751C6D} = {D9A1655A-9ADF-43B1-8311-61E49F354A29}
		{182FAFCF-14F2-489E-A0C6-C0732AA3622E} = {951FAE99-F430-4ACA-9FD0-83F13C4195FA}
		{A3234E88-1491-4A5A-A1FE-12FC41DA7CB0} = {182FAFCF-14F2-489E-A0C6-C0732AA3622E}
	EndGlobalSection
	GlobalSection(ExtensibilityGlobals) = postSolution
		SolutionGuid = {0DB8544F-DFEB-4976-BDF3-D9F434343651}
	EndGlobalSection
EndGlobal
